
Microsoft Visual Studio Solution File, Format Version 12.00
# Visual Studio Version 17
VisualStudioVersion = 17.3.32929.385
MinimumVisualStudioVersion = 10.0.40219.1
Project("{FAE04EC0-301F-11D3-BF4B-00C04F79EFBC}") = "Jornada ao Desconhecido", "Jornada ao Desconhecido.csproj", "{061D44C1-8D7C-4E21-B687-9D39A3377467}"
EndProject
Global
	GlobalSection(SolutionConfigurationPlatforms) = preSolution
		Debug|Any CPU = Debug|Any CPU
		Release|Any CPU = Release|Any CPU
	EndGlobalSection
	GlobalSection(ProjectConfigurationPlatforms) = postSolution
		{061D44C1-8D7C-4E21-B687-9D39A3377467}.Debug|Any CPU.ActiveCfg = Debug|Any CPU
		{061D44C1-8D7C-4E21-B687-9D39A3377467}.Debug|Any CPU.Build.0 = Debug|Any CPU
		{061D44C1-8D7C-4E21-B687-9D39A3377467}.Release|Any CPU.ActiveCfg = Release|Any CPU
		{061D44C1-8D7C-4E21-B687-9D39A3377467}.Release|Any CPU.Build.0 = Release|Any CPU
	EndGlobalSection
	GlobalSection(SolutionProperties) = preSolution
		HideSolutionNode = FALSE
	EndGlobalSection
	GlobalSection(ExtensibilityGlobals) = postSolution
		SolutionGuid = {B1B3DF10-6ABD-479D-BD30-EA51B055494B}
	EndGlobalSection
EndGlobal
